// !$*UTF8*$!
{
	archiveVersion = 1;
	classes = {
	};
	objectVersion = 46;
	objects = {

/* Begin PBXBuildFile section */
		EC5D4C6F1C86F675005B14E6 /* CameraController.swift in Sources */ = {isa = PBXBuildFile; fileRef = EC5D4C6E1C86F675005B14E6 /* CameraController.swift */; };
		ECA41A761C849811007776D7 /* AppDelegate.swift in Sources */ = {isa = PBXBuildFile; fileRef = ECA41A691C849811007776D7 /* AppDelegate.swift */; };
		ECA41A771C849811007776D7 /* Assets.xcassets in Resources */ = {isa = PBXBuildFile; fileRef = ECA41A6A1C849811007776D7 /* Assets.xcassets */; };
		ECA41A781C849811007776D7 /* LaunchScreen.storyboard in Resources */ = {isa = PBXBuildFile; fileRef = ECA41A6B1C849811007776D7 /* LaunchScreen.storyboard */; };
		ECA41A791C849811007776D7 /* Main.storyboard in Resources */ = {isa = PBXBuildFile; fileRef = ECA41A6D1C849811007776D7 /* Main.storyboard */; };
		ECA41A7A1C849811007776D7 /* Extensions.swift in Sources */ = {isa = PBXBuildFile; fileRef = ECA41A6F1C849811007776D7 /* Extensions.swift */; };
		ECA41A7B1C849811007776D7 /* Info.plist in Resources */ = {isa = PBXBuildFile; fileRef = ECA41A701C849811007776D7 /* Info.plist */; };
		ECA41A7C1C849811007776D7 /* samples.scnassets in Resources */ = {isa = PBXBuildFile; fileRef = ECA41A711C849811007776D7 /* samples.scnassets */; };
		ECA41A7D1C849811007776D7 /* SampleSceneComposer.swift in Sources */ = {isa = PBXBuildFile; fileRef = ECA41A721C849811007776D7 /* SampleSceneComposer.swift */; };
		ECA41A7E1C849811007776D7 /* Utilities.swift in Sources */ = {isa = PBXBuildFile; fileRef = ECA41A731C849811007776D7 /* Utilities.swift */; };
		ECA41A7F1C849811007776D7 /* ViewController.swift in Sources */ = {isa = PBXBuildFile; fileRef = ECA41A741C849811007776D7 /* ViewController.swift */; };
		ECA41A801C849811007776D7 /* VRCamera.swift in Sources */ = {isa = PBXBuildFile; fileRef = ECA41A751C849811007776D7 /* VRCamera.swift */; };
		ECA41A841C849823007776D7 /* Info.plist in Resources */ = {isa = PBXBuildFile; fileRef = ECA41A821C849823007776D7 /* Info.plist */; };
		ECA41A851C849823007776D7 /* SceneKitSampleTests.swift in Sources */ = {isa = PBXBuildFile; fileRef = ECA41A831C849823007776D7 /* SceneKitSampleTests.swift */; };
		ECA41A891C849830007776D7 /* Info.plist in Resources */ = {isa = PBXBuildFile; fileRef = ECA41A871C849830007776D7 /* Info.plist */; };
		ECA41A8A1C849830007776D7 /* SceneKitSampleUITests.swift in Sources */ = {isa = PBXBuildFile; fileRef = ECA41A881C849830007776D7 /* SceneKitSampleUITests.swift */; };
		ECA8388B1C7740630096809D /* SceneKit.framework in Frameworks */ = {isa = PBXBuildFile; fileRef = ECA8388A1C7740620096809D /* SceneKit.framework */; };
/* End PBXBuildFile section */

/* Begin PBXContainerItemProxy section */
		EC6B020D1C76DB91006BAD93 /* PBXContainerItemProxy */ = {
			isa = PBXContainerItemProxy;
			containerPortal = EC6B01F01C76DB90006BAD93 /* Project object */;
			proxyType = 1;
			remoteGlobalIDString = EC6B01F71C76DB90006BAD93;
			remoteInfo = SceneKitSample;
		};
		EC6B02181C76DB91006BAD93 /* PBXContainerItemProxy */ = {
			isa = PBXContainerItemProxy;
			containerPortal = EC6B01F01C76DB90006BAD93 /* Project object */;
			proxyType = 1;
			remoteGlobalIDString = EC6B01F71C76DB90006BAD93;
			remoteInfo = SceneKitSample;
		};
/* End PBXContainerItemProxy section */

/* Begin PBXFileReference section */
		EC5D4C6E1C86F675005B14E6 /* CameraController.swift */ = {isa = PBXFileReference; fileEncoding = 4; lastKnownFileType = sourcecode.swift; path = CameraController.swift; sourceTree = "<group>"; };
		ECA41A691C849811007776D7 /* AppDelegate.swift */ = {isa = PBXFileReference; fileEncoding = 4; lastKnownFileType = sourcecode.swift; path = AppDelegate.swift; sourceTree = "<group>"; };
		ECA41A6A1C849811007776D7 /* Assets.xcassets */ = {isa = PBXFileReference; lastKnownFileType = folder.assetcatalog; path = Assets.xcassets; sourceTree = "<group>"; };
		ECA41A6C1C849811007776D7 /* Base */ = {isa = PBXFileReference; lastKnownFileType = file.storyboard; name = Base; path = Base.lproj/LaunchScreen.storyboard; sourceTree = "<group>"; };
		ECA41A6E1C849811007776D7 /* Base */ = {isa = PBXFileReference; lastKnownFileType = file.storyboard; name = Base; path = Base.lproj/Main.storyboard; sourceTree = "<group>"; };
		ECA41A6F1C849811007776D7 /* Extensions.swift */ = {isa = PBXFileReference; fileEncoding = 4; lastKnownFileType = sourcecode.swift; path = Extensions.swift; sourceTree = "<group>"; };
		ECA41A701C849811007776D7 /* Info.plist */ = {isa = PBXFileReference; fileEncoding = 4; lastKnownFileType = text.plist.xml; path = Info.plist; sourceTree = "<group>"; };
		ECA41A711C849811007776D7 /* samples.scnassets */ = {isa = PBXFileReference; lastKnownFileType = wrapper.scnassets; name = samples.scnassets; path = SceneKitVRSample/samples.scnassets; sourceTree = "<group>"; };
		ECA41A721C849811007776D7 /* SampleSceneComposer.swift */ = {isa = PBXFileReference; fileEncoding = 4; lastKnownFileType = sourcecode.swift; path = SampleSceneComposer.swift; sourceTree = "<group>"; };
		ECA41A731C849811007776D7 /* Utilities.swift */ = {isa = PBXFileReference; fileEncoding = 4; lastKnownFileType = sourcecode.swift; path = Utilities.swift; sourceTree = "<group>"; };
		ECA41A741C849811007776D7 /* ViewController.swift */ = {isa = PBXFileReference; fileEncoding = 4; lastKnownFileType = sourcecode.swift; path = ViewController.swift; sourceTree = "<group>"; };
		ECA41A751C849811007776D7 /* VRCamera.swift */ = {isa = PBXFileReference; fileEncoding = 4; lastKnownFileType = sourcecode.swift; path = VRCamera.swift; sourceTree = "<group>"; };
		ECA41A821C849823007776D7 /* Info.plist */ = {isa = PBXFileReference; fileEncoding = 4; lastKnownFileType = text.plist.xml; path = Info.plist; sourceTree = "<group>"; };
		ECA41A831C849823007776D7 /* SceneKitSampleTests.swift */ = {isa = PBXFileReference; fileEncoding = 4; lastKnownFileType = sourcecode.swift; path = SceneKitSampleTests.swift; sourceTree = "<group>"; };
		ECA41A871C849830007776D7 /* Info.plist */ = {isa = PBXFileReference; fileEncoding = 4; lastKnownFileType = text.plist.xml; path = Info.plist; sourceTree = "<group>"; };
		ECA41A881C849830007776D7 /* SceneKitSampleUITests.swift */ = {isa = PBXFileReference; fileEncoding = 4; lastKnownFileType = sourcecode.swift; path = SceneKitSampleUITests.swift; sourceTree = "<group>"; };
		ECA41A8B1C849863007776D7 /* SceneKitVRSample.app */ = {isa = PBXFileReference; explicitFileType = wrapper.application; includeInIndex = 0; path = SceneKitVRSample.app; sourceTree = BUILT_PRODUCTS_DIR; };
		ECA41A8C1C849992007776D7 /* SceneKitVRSample.xctest */ = {isa = PBXFileReference; explicitFileType = wrapper.cfbundle; includeInIndex = 0; name = SceneKitVRSample.xctest; path = "/Users/Jimin/Development/SceneKitVRSample/build/Debug-iphoneos/SceneKitVRSample.xctest"; sourceTree = "<absolute>"; };
		ECA41A8D1C8499AC007776D7 /* SceneKitVRSample.xctest */ = {isa = PBXFileReference; explicitFileType = wrapper.cfbundle; includeInIndex = 0; name = SceneKitVRSample.xctest; path = "/Users/Jimin/Development/SceneKitVRSample/build/Debug-iphoneos/SceneKitVRSample.xctest"; sourceTree = "<absolute>"; };
		ECA8388A1C7740620096809D /* SceneKit.framework */ = {isa = PBXFileReference; lastKnownFileType = wrapper.framework; name = SceneKit.framework; path = System/Library/Frameworks/SceneKit.framework; sourceTree = SDKROOT; };
/* End PBXFileReference section */

/* Begin PBXFrameworksBuildPhase section */
		EC6B01F51C76DB90006BAD93 /* Frameworks */ = {
			isa = PBXFrameworksBuildPhase;
			buildActionMask = 2147483647;
			files = (
				ECA8388B1C7740630096809D /* SceneKit.framework in Frameworks */,
			);
			runOnlyForDeploymentPostprocessing = 0;
		};
		EC6B02091C76DB91006BAD93 /* Frameworks */ = {
			isa = PBXFrameworksBuildPhase;
			buildActionMask = 2147483647;
			files = (
			);
			runOnlyForDeploymentPostprocessing = 0;
		};
		EC6B02141C76DB91006BAD93 /* Frameworks */ = {
			isa = PBXFrameworksBuildPhase;
			buildActionMask = 2147483647;
			files = (
			);
			runOnlyForDeploymentPostprocessing = 0;
		};
/* End PBXFrameworksBuildPhase section */

/* Begin PBXGroup section */
		EC6B01EF1C76DB90006BAD93 = {
			isa = PBXGroup;
			children = (
				ECA41A711C849811007776D7 /* samples.scnassets */,
				ECA41A681C849811007776D7 /* SceneKitVRSample */,
				ECA41A811C849823007776D7 /* SceneKitVRSampleTests */,
				ECA41A861C849830007776D7 /* SceneKitVRSampleUITests */,
				ECA8388A1C7740620096809D /* SceneKit.framework */,
				ECA41A8B1C849863007776D7 /* SceneKitVRSample.app */,
			);
			sourceTree = "<group>";
		};
		ECA41A681C849811007776D7 /* SceneKitVRSample */ = {
			isa = PBXGroup;
			children = (
				ECA41A691C849811007776D7 /* AppDelegate.swift */,
				ECA41A6A1C849811007776D7 /* Assets.xcassets */,
				ECA41A6B1C849811007776D7 /* LaunchScreen.storyboard */,
				ECA41A6D1C849811007776D7 /* Main.storyboard */,
				ECA41A6F1C849811007776D7 /* Extensions.swift */,
				ECA41A701C849811007776D7 /* Info.plist */,
				ECA41A721C849811007776D7 /* SampleSceneComposer.swift */,
				ECA41A731C849811007776D7 /* Utilities.swift */,
				ECA41A741C849811007776D7 /* ViewController.swift */,
				ECA41A751C849811007776D7 /* VRCamera.swift */,
				EC5D4C6E1C86F675005B14E6 /* CameraController.swift */,
			);
			path = SceneKitVRSample;
			sourceTree = "<group>";
		};
		ECA41A811C849823007776D7 /* SceneKitVRSampleTests */ = {
			isa = PBXGroup;
			children = (
				ECA41A821C849823007776D7 /* Info.plist */,
				ECA41A831C849823007776D7 /* SceneKitSampleTests.swift */,
			);
			path = SceneKitVRSampleTests;
			sourceTree = "<group>";
		};
		ECA41A861C849830007776D7 /* SceneKitVRSampleUITests */ = {
			isa = PBXGroup;
			children = (
				ECA41A871C849830007776D7 /* Info.plist */,
				ECA41A881C849830007776D7 /* SceneKitSampleUITests.swift */,
			);
			name = SceneKitVRSampleUITests;
			path = SceneKitVRSampleTests/SceneKitVRSampleUITests;
			sourceTree = "<group>";
		};
/* End PBXGroup section */

/* Begin PBXNativeTarget section */
		EC6B01F71C76DB90006BAD93 /* SceneKitVRSample */ = {
			isa = PBXNativeTarget;
			buildConfigurationList = EC6B02201C76DB91006BAD93 /* Build configuration list for PBXNativeTarget "SceneKitVRSample" */;
			buildPhases = (
				EC6B01F41C76DB90006BAD93 /* Sources */,
				EC6B01F51C76DB90006BAD93 /* Frameworks */,
				EC6B01F61C76DB90006BAD93 /* Resources */,
			);
			buildRules = (
			);
			dependencies = (
			);
			name = SceneKitVRSample;
			productName = SceneKitSample;
			productReference = ECA41A8B1C849863007776D7 /* SceneKitVRSample.app */;
			productType = "com.apple.product-type.application";
		};
		EC6B020B1C76DB91006BAD93 /* SceneKitVRSampleTests */ = {
			isa = PBXNativeTarget;
			buildConfigurationList = EC6B02231C76DB91006BAD93 /* Build configuration list for PBXNativeTarget "SceneKitVRSampleTests" */;
			buildPhases = (
				EC6B02081C76DB91006BAD93 /* Sources */,
				EC6B02091C76DB91006BAD93 /* Frameworks */,
				EC6B020A1C76DB91006BAD93 /* Resources */,
			);
			buildRules = (
			);
			dependencies = (
				EC6B020E1C76DB91006BAD93 /* PBXTargetDependency */,
			);
			name = SceneKitVRSampleTests;
			productName = SceneKitSampleTests;
			productReference = ECA41A8D1C8499AC007776D7 /* SceneKitVRSample.xctest */;
			productType = "com.apple.product-type.bundle.unit-test";
		};
		EC6B02161C76DB91006BAD93 /* SceneKitVRSampleUITests */ = {
			isa = PBXNativeTarget;
			buildConfigurationList = EC6B02261C76DB91006BAD93 /* Build configuration list for PBXNativeTarget "SceneKitVRSampleUITests" */;
			buildPhases = (
				EC6B02131C76DB91006BAD93 /* Sources */,
				EC6B02141C76DB91006BAD93 /* Frameworks */,
				EC6B02151C76DB91006BAD93 /* Resources */,
			);
			buildRules = (
			);
			dependencies = (
				EC6B02191C76DB91006BAD93 /* PBXTargetDependency */,
			);
			name = SceneKitVRSampleUITests;
			productName = SceneKitSampleUITests;
			productReference = ECA41A8C1C849992007776D7 /* SceneKitVRSample.xctest */;
			productType = "com.apple.product-type.bundle.ui-testing";
		};
/* End PBXNativeTarget section */

/* Begin PBXProject section */
		EC6B01F01C76DB90006BAD93 /* Project object */ = {
			isa = PBXProject;
			attributes = {
				LastSwiftUpdateCheck = 0720;
				LastUpgradeCheck = 0720;
				ORGANIZATIONNAME = "Jimin Jeon";
				TargetAttributes = {
					EC6B01F71C76DB90006BAD93 = {
						CreatedOnToolsVersion = 7.2.1;
						DevelopmentTeam = Y5TEM6A7TL;
					};
					EC6B020B1C76DB91006BAD93 = {
						CreatedOnToolsVersion = 7.2.1;
						TestTargetID = EC6B01F71C76DB90006BAD93;
					};
					EC6B02161C76DB91006BAD93 = {
						CreatedOnToolsVersion = 7.2.1;
						TestTargetID = EC6B01F71C76DB90006BAD93;
					};
				};
			};
			buildConfigurationList = EC6B01F31C76DB90006BAD93 /* Build configuration list for PBXProject "SceneKitVRSample" */;
			compatibilityVersion = "Xcode 3.2";
			developmentRegion = English;
			hasScannedForEncodings = 0;
			knownRegions = (
				en,
				Base,
			);
			mainGroup = EC6B01EF1C76DB90006BAD93;
			productRefGroup = EC6B01EF1C76DB90006BAD93;
			projectDirPath = "";
			projectRoot = "";
			targets = (
				EC6B01F71C76DB90006BAD93 /* SceneKitVRSample */,
				EC6B020B1C76DB91006BAD93 /* SceneKitVRSampleTests */,
				EC6B02161C76DB91006BAD93 /* SceneKitVRSampleUITests */,
			);
		};
/* End PBXProject section */

/* Begin PBXResourcesBuildPhase section */
		EC6B01F61C76DB90006BAD93 /* Resources */ = {
			isa = PBXResourcesBuildPhase;
			buildActionMask = 2147483647;
			files = (
				ECA41A781C849811007776D7 /* LaunchScreen.storyboard in Resources */,
				ECA41A7C1C849811007776D7 /* samples.scnassets in Resources */,
				ECA41A771C849811007776D7 /* Assets.xcassets in Resources */,
				ECA41A7B1C849811007776D7 /* Info.plist in Resources */,
				ECA41A791C849811007776D7 /* Main.storyboard in Resources */,
			);
			runOnlyForDeploymentPostprocessing = 0;
		};
		EC6B020A1C76DB91006BAD93 /* Resources */ = {
			isa = PBXResourcesBuildPhase;
			buildActionMask = 2147483647;
			files = (
				ECA41A841C849823007776D7 /* Info.plist in Resources */,
			);
			runOnlyForDeploymentPostprocessing = 0;
		};
		EC6B02151C76DB91006BAD93 /* Resources */ = {
			isa = PBXResourcesBuildPhase;
			buildActionMask = 2147483647;
			files = (
				ECA41A891C849830007776D7 /* Info.plist in Resources */,
			);
			runOnlyForDeploymentPostprocessing = 0;
		};
/* End PBXResourcesBuildPhase section */

/* Begin PBXSourcesBuildPhase section */
		EC6B01F41C76DB90006BAD93 /* Sources */ = {
			isa = PBXSourcesBuildPhase;
			buildActionMask = 2147483647;
			files = (
				ECA41A7F1C849811007776D7 /* ViewController.swift in Sources */,
				ECA41A761C849811007776D7 /* AppDelegate.swift in Sources */,
				EC5D4C6F1C86F675005B14E6 /* CameraController.swift in Sources */,
				ECA41A801C849811007776D7 /* VRCamera.swift in Sources */,
				ECA41A7D1C849811007776D7 /* SampleSceneComposer.swift in Sources */,
				ECA41A7E1C849811007776D7 /* Utilities.swift in Sources */,
				ECA41A7A1C849811007776D7 /* Extensions.swift in Sources */,
			);
			runOnlyForDeploymentPostprocessing = 0;
		};
		EC6B02081C76DB91006BAD93 /* Sources */ = {
			isa = PBXSourcesBuildPhase;
			buildActionMask = 2147483647;
			files = (
				ECA41A851C849823007776D7 /* SceneKitSampleTests.swift in Sources */,
			);
			runOnlyForDeploymentPostprocessing = 0;
		};
		EC6B02131C76DB91006BAD93 /* Sources */ = {
			isa = PBXSourcesBuildPhase;
			buildActionMask = 2147483647;
			files = (
				ECA41A8A1C849830007776D7 /* SceneKitSampleUITests.swift in Sources */,
			);
			runOnlyForDeploymentPostprocessing = 0;
		};
/* End PBXSourcesBuildPhase section */

/* Begin PBXTargetDependency section */
		EC6B020E1C76DB91006BAD93 /* PBXTargetDependency */ = {
			isa = PBXTargetDependency;
			target = EC6B01F71C76DB90006BAD93 /* SceneKitVRSample */;
			targetProxy = EC6B020D1C76DB91006BAD93 /* PBXContainerItemProxy */;
		};
		EC6B02191C76DB91006BAD93 /* PBXTargetDependency */ = {
			isa = PBXTargetDependency;
			target = EC6B01F71C76DB90006BAD93 /* SceneKitVRSample */;
			targetProxy = EC6B02181C76DB91006BAD93 /* PBXContainerItemProxy */;
		};
/* End PBXTargetDependency section */

/* Begin PBXVariantGroup section */
		ECA41A6B1C849811007776D7 /* LaunchScreen.storyboard */ = {
			isa = PBXVariantGroup;
			children = (
				ECA41A6C1C849811007776D7 /* Base */,
			);
			name = LaunchScreen.storyboard;
			sourceTree = "<group>";
		};
		ECA41A6D1C849811007776D7 /* Main.storyboard */ = {
			isa = PBXVariantGroup;
			children = (
				ECA41A6E1C849811007776D7 /* Base */,
			);
			name = Main.storyboard;
			sourceTree = "<group>";
		};
/* End PBXVariantGroup section */

/* Begin XCBuildConfiguration section */
		EC6B021E1C76DB91006BAD93 /* Debug */ = {
			isa = XCBuildConfiguration;
			buildSettings = {
				ALWAYS_SEARCH_USER_PATHS = NO;
				CLANG_CXX_LANGUAGE_STANDARD = "gnu++0x";
				CLANG_CXX_LIBRARY = "libc++";
				CLANG_ENABLE_MODULES = YES;
				CLANG_ENABLE_OBJC_ARC = YES;
				CLANG_WARN_BOOL_CONVERSION = YES;
				CLANG_WARN_CONSTANT_CONVERSION = YES;
				CLANG_WARN_DIRECT_OBJC_ISA_USAGE = YES_ERROR;
				CLANG_WARN_EMPTY_BODY = YES;
				CLANG_WARN_ENUM_CONVERSION = YES;
				CLANG_WARN_INT_CONVERSION = YES;
				CLANG_WARN_OBJC_ROOT_CLASS = YES_ERROR;
				CLANG_WARN_UNREACHABLE_CODE = YES;
				CLANG_WARN__DUPLICATE_METHOD_MATCH = YES;
				"CODE_SIGN_IDENTITY[sdk=iphoneos*]" = "iPhone Developer";
				COPY_PHASE_STRIP = NO;
				DEBUG_INFORMATION_FORMAT = dwarf;
				ENABLE_STRICT_OBJC_MSGSEND = YES;
				ENABLE_TESTABILITY = YES;
				GCC_C_LANGUAGE_STANDARD = gnu99;
				GCC_DYNAMIC_NO_PIC = NO;
				GCC_NO_COMMON_BLOCKS = YES;
				GCC_OPTIMIZATION_LEVEL = 0;
				GCC_PREPROCESSOR_DEFINITIONS = (
					"DEBUG=1",
					"$(inherited)",
				);
				GCC_WARN_64_TO_32_BIT_CONVERSION = YES;
				GCC_WARN_ABOUT_RETURN_TYPE = YES_ERROR;
				GCC_WARN_UNDECLARED_SELECTOR = YES;
				GCC_WARN_UNINITIALIZED_AUTOS = YES_AGGRESSIVE;
				GCC_WARN_UNUSED_FUNCTION = YES;
				GCC_WARN_UNUSED_VARIABLE = YES;
				IPHONEOS_DEPLOYMENT_TARGET = 9.2;
				MTL_ENABLE_DEBUG_INFO = YES;
				ONLY_ACTIVE_ARCH = YES;
				SDKROOT = iphoneos;
				SWIFT_OPTIMIZATION_LEVEL = "-Onone";
				TARGETED_DEVICE_FAMILY = "1,2";
			};
			name = Debug;
		};
		EC6B021F1C76DB91006BAD93 /* Release */ = {
			isa = XCBuildConfiguration;
			buildSettings = {
				ALWAYS_SEARCH_USER_PATHS = NO;
				CLANG_CXX_LANGUAGE_STANDARD = "gnu++0x";
				CLANG_CXX_LIBRARY = "libc++";
				CLANG_ENABLE_MODULES = YES;
				CLANG_ENABLE_OBJC_ARC = YES;
				CLANG_WARN_BOOL_CONVERSION = YES;
				CLANG_WARN_CONSTANT_CONVERSION = YES;
				CLANG_WARN_DIRECT_OBJC_ISA_USAGE = YES_ERROR;
				CLANG_WARN_EMPTY_BODY = YES;
				CLANG_WARN_ENUM_CONVERSION = YES;
				CLANG_WARN_INT_CONVERSION = YES;
				CLANG_WARN_OBJC_ROOT_CLASS = YES_ERROR;
				CLANG_WARN_UNREACHABLE_CODE = YES;
				CLANG_WARN__DUPLICATE_METHOD_MATCH = YES;
				"CODE_SIGN_IDENTITY[sdk=iphoneos*]" = "iPhone Developer";
				COPY_PHASE_STRIP = NO;
				DEBUG_INFORMATION_FORMAT = "dwarf-with-dsym";
				ENABLE_NS_ASSERTIONS = NO;
				ENABLE_STRICT_OBJC_MSGSEND = YES;
				GCC_C_LANGUAGE_STANDARD = gnu99;
				GCC_NO_COMMON_BLOCKS = YES;
				GCC_WARN_64_TO_32_BIT_CONVERSION = YES;
				GCC_WARN_ABOUT_RETURN_TYPE = YES_ERROR;
				GCC_WARN_UNDECLARED_SELECTOR = YES;
				GCC_WARN_UNINITIALIZED_AUTOS = YES_AGGRESSIVE;
				GCC_WARN_UNUSED_FUNCTION = YES;
				GCC_WARN_UNUSED_VARIABLE = YES;
				IPHONEOS_DEPLOYMENT_TARGET = 9.2;
				MTL_ENABLE_DEBUG_INFO = NO;
				SDKROOT = iphoneos;
				TARGETED_DEVICE_FAMILY = "1,2";
				VALIDATE_PRODUCT = YES;
			};
			name = Release;
		};
		EC6B02211C76DB91006BAD93 /* Debug */ = {
			isa = XCBuildConfiguration;
			buildSettings = {
				ASSETCATALOG_COMPILER_APPICON_NAME = AppIcon;
				CODE_SIGN_IDENTITY = "iPhone Developer";
				INFOPLIST_FILE = SceneKitVRSample/Info.plist;
				LD_RUNPATH_SEARCH_PATHS = "$(inherited) @executable_path/Frameworks";
				PRODUCT_BUNDLE_IDENTIFIER = me.jiminis.SceneKitVRSample;
				PRODUCT_NAME = SceneKitVRSample;
			};
			name = Debug;
		};
		EC6B02221C76DB91006BAD93 /* Release */ = {
			isa = XCBuildConfiguration;
			buildSettings = {
				ASSETCATALOG_COMPILER_APPICON_NAME = AppIcon;
				CODE_SIGN_IDENTITY = "iPhone Developer";
				INFOPLIST_FILE = SceneKitVRSample/Info.plist;
				LD_RUNPATH_SEARCH_PATHS = "$(inherited) @executable_path/Frameworks";
				PRODUCT_BUNDLE_IDENTIFIER = me.jiminis.SceneKitVRSample;
				PRODUCT_NAME = SceneKitVRSample;
			};
			name = Release;
		};
		EC6B02241C76DB91006BAD93 /* Debug */ = {
			isa = XCBuildConfiguration;
			buildSettings = {
				BUNDLE_LOADER = "$(TEST_HOST)";
				INFOPLIST_FILE = SceneKitVRSampleTests/Info.plist;
				LD_RUNPATH_SEARCH_PATHS = "$(inherited) @executable_path/Frameworks @loader_path/Frameworks";
				PRODUCT_BUNDLE_IDENTIFIER = me.jiminis.SceneKitVRSampleTests;
				PRODUCT_NAME = SceneKitVRSample;
				TEST_HOST = "$(BUILT_PRODUCTS_DIR)/SceneKitVRSample.app/SceneKitVRSample";
			};
			name = Debug;
		};
		EC6B02251C76DB91006BAD93 /* Release */ = {
			isa = XCBuildConfiguration;
			buildSettings = {
				BUNDLE_LOADER = "$(TEST_HOST)";
				INFOPLIST_FILE = SceneKitVRSampleTests/Info.plist;
				LD_RUNPATH_SEARCH_PATHS = "$(inherited) @executable_path/Frameworks @loader_path/Frameworks";
				PRODUCT_BUNDLE_IDENTIFIER = me.jiminis.SceneKitVRSampleTests;
				PRODUCT_NAME = SceneKitVRSample;
				TEST_HOST = "$(BUILT_PRODUCTS_DIR)/SceneKitVRSample.app/SceneKitVRSample";
			};
			name = Release;
		};
		EC6B02271C76DB91006BAD93 /* Debug */ = {
			isa = XCBuildConfiguration;
			buildSettings = {
				INFOPLIST_FILE = SceneKitVRSampleUITests/Info.plist;
				LD_RUNPATH_SEARCH_PATHS = "$(inherited) @executable_path/Frameworks @loader_path/Frameworks";
				PRODUCT_BUNDLE_IDENTIFIER = me.jiminis.SceneKitVRSampleUITests;
				PRODUCT_NAME = SceneKitVRSample;
				TEST_TARGET_NAME = SceneKitVRSample;
				USES_XCTRUNNER = YES;
			};
			name = Debug;
		};
		EC6B02281C76DB91006BAD93 /* Release */ = {
			isa = XCBuildConfiguration;
			buildSettings = {
				INFOPLIST_FILE = SceneKitVRSampleUITests/Info.plist;
				LD_RUNPATH_SEARCH_PATHS = "$(inherited) @executable_path/Frameworks @loader_path/Frameworks";
				PRODUCT_BUNDLE_IDENTIFIER = me.jiminis.SceneKitVRSampleUITests;
				PRODUCT_NAME = SceneKitVRSample;
				TEST_TARGET_NAME = SceneKitVRSample;
				USES_XCTRUNNER = YES;
			};
			name = Release;
		};
/* End XCBuildConfiguration section */

/* Begin XCConfigurationList section */
		EC6B01F31C76DB90006BAD93 /* Build configuration list for PBXProject "SceneKitVRSample" */ = {
			isa = XCConfigurationList;
			buildConfigurations = (
				EC6B021E1C76DB91006BAD93 /* Debug */,
				EC6B021F1C76DB91006BAD93 /* Release */,
			);
			defaultConfigurationIsVisible = 0;
			defaultConfigurationName = Release;
		};
		EC6B02201C76DB91006BAD93 /* Build configuration list for PBXNativeTarget "SceneKitVRSample" */ = {
			isa = XCConfigurationList;
			buildConfigurations = (
				EC6B02211C76DB91006BAD93 /* Debug */,
				EC6B02221C76DB91006BAD93 /* Release */,
			);
			defaultConfigurationIsVisible = 0;
			defaultConfigurationName = Release;
		};
		EC6B02231C76DB91006BAD93 /* Build configuration list for PBXNativeTarget "SceneKitVRSampleTests" */ = {
			isa = XCConfigurationList;
			buildConfigurations = (
				EC6B02241C76DB91006BAD93 /* Debug */,
				EC6B02251C76DB91006BAD93 /* Release */,
			);
			defaultConfigurationIsVisible = 0;
			defaultConfigurationName = Release;
		};
		EC6B02261C76DB91006BAD93 /* Build configuration list for PBXNativeTarget "SceneKitVRSampleUITests" */ = {
			isa = XCConfigurationList;
			buildConfigurations = (
				EC6B02271C76DB91006BAD93 /* Debug */,
				EC6B02281C76DB91006BAD93 /* Release */,
			);
			defaultConfigurationIsVisible = 0;
			defaultConfigurationName = Release;
		};
/* End XCConfigurationList section */
	};
	rootObject = EC6B01F01C76DB90006BAD93 /* Project object */;
}
